
Microsoft Visual Studio Solution File, Format Version 12.00
Project("{FAE04EC0-301F-11D3-BF4B-00C04F79EFBC}") = "sandwicherie", "sandwicherie\sandwicherie.csproj", "{01117CCF-704D-423A-BBC4-16455DDCE798}"
EndProject
Global
	GlobalSection(SolutionConfigurationPlatforms) = preSolution
		Debug|Any CPU = Debug|Any CPU
		Release|Any CPU = Release|Any CPU
	EndGlobalSection
	GlobalSection(ProjectConfigurationPlatforms) = postSolution
		{01117CCF-704D-423A-BBC4-16455DDCE798}.Debug|Any CPU.ActiveCfg = Debug|Any CPU
		{01117CCF-704D-423A-BBC4-16455DDCE798}.Debug|Any CPU.Build.0 = Debug|Any CPU
		{01117CCF-704D-423A-BBC4-16455DDCE798}.Release|Any CPU.ActiveCfg = Release|Any CPU
		{01117CCF-704D-423A-BBC4-16455DDCE798}.Release|Any CPU.Build.0 = Release|Any CPU
	EndGlobalSection
EndGlobal
